
Microsoft Visual Studio Solution File, Format Version 12.00
# Visual Studio Version 17
VisualStudioVersion = 17.8.34525.116
MinimumVisualStudioVersion = 10.0.40219.1
Project("{FAE04EC0-301F-11D3-BF4B-00C04F79EFBC}") = "ShapeLibrary", "ShapeLibrary\ShapeLibrary.csproj", "{2D1AA36E-C6C2-48AA-BF77-537CF52A8D66}"
EndProject
Project("{FAE04EC0-301F-11D3-BF4B-00C04F79EFBC}") = "ShapeTests", "ShapeTests\ShapeTests.csproj", "{C4BE1FBD-5DE5-4CE5-BA31-3626FF44EEE6}"
EndProject
Global
	GlobalSection(SolutionConfigurationPlatforms) = preSolution
		Debug|Any CPU = Debug|Any CPU
		Release|Any CPU = Release|Any CPU
	EndGlobalSection
	GlobalSection(ProjectConfigurationPlatforms) = postSolution
		{2D1AA36E-C6C2-48AA-BF77-537CF52A8D66}.Debug|Any CPU.ActiveCfg = Debug|Any CPU
		{2D1AA36E-C6C2-48AA-BF77-537CF52A8D66}.Debug|Any CPU.Build.0 = Debug|Any CPU
		{2D1AA36E-C6C2-48AA-BF77-537CF52A8D66}.Release|Any CPU.ActiveCfg = Release|Any CPU
		{2D1AA36E-C6C2-48AA-BF77-537CF52A8D66}.Release|Any CPU.Build.0 = Release|Any CPU
		{C4BE1FBD-5DE5-4CE5-BA31-3626FF44EEE6}.Debug|Any CPU.ActiveCfg = Debug|Any CPU
		{C4BE1FBD-5DE5-4CE5-BA31-3626FF44EEE6}.Debug|Any CPU.Build.0 = Debug|Any CPU
		{C4BE1FBD-5DE5-4CE5-BA31-3626FF44EEE6}.Release|Any CPU.ActiveCfg = Release|Any CPU
		{C4BE1FBD-5DE5-4CE5-BA31-3626FF44EEE6}.Release|Any CPU.Build.0 = Release|Any CPU
	EndGlobalSection
	GlobalSection(SolutionProperties) = preSolution
		HideSolutionNode = FALSE
	EndGlobalSection
	GlobalSection(ExtensibilityGlobals) = postSolution
		SolutionGuid = {506B755B-9BBD-460A-B7AE-7FE325FC838B}
	EndGlobalSection
EndGlobal
